
Microsoft Visual Studio Solution File, Format Version 12.00
# Visual Studio Version 17
VisualStudioVersion = 17.0.31903.59
MinimumVisualStudioVersion = 10.0.40219.1
Project("{FAE04EC0-301F-11D3-BF4B-00C04F79EFBC}") = "hello_world", "hello_world\hello_world.csproj", "{857BCC6A-D888-4DBC-9BB9-668728A4767E}"
EndProject
Project("{FAE04EC0-301F-11D3-BF4B-00C04F79EFBC}") = "method_practice", "method_practice\method_practice.csproj", "{87902EB8-538A-4E3B-9946-268BA1DEA7A3}"
EndProject
Project("{FAE04EC0-301F-11D3-BF4B-00C04F79EFBC}") = "decision_logic", "decision_logic\decision_logic.csproj", "{4EBA9B5F-922F-4F19-8836-B83F21BC2EDB}"
EndProject
Project("{FAE04EC0-301F-11D3-BF4B-00C04F79EFBC}") = "arrays", "arrays\arrays.csproj", "{92DCDD5F-F75F-48B2-B7C5-A5C7140C2604}"
EndProject
Project("{FAE04EC0-301F-11D3-BF4B-00C04F79EFBC}") = "for_each", "for_each\for_each.csproj", "{326629F0-B3D8-4984-98B0-0EEC86D55A11}"
EndProject
Project("{FAE04EC0-301F-11D3-BF4B-00C04F79EFBC}") = "booleans", "booleans\booleans.csproj", "{32DAE10B-DDBF-4331-8AA5-E2CBF4C91ED0}"
EndProject
Project("{FAE04EC0-301F-11D3-BF4B-00C04F79EFBC}") = "scope", "scope\scope.csproj", "{73B4BEA0-4DDD-4D6D-8D27-FD5293219E08}"
EndProject
Project("{FAE04EC0-301F-11D3-BF4B-00C04F79EFBC}") = "switch", "switch\switch.csproj", "{977A1C98-3C1B-4DE6-9049-C0828C063045}"
EndProject
Project("{FAE04EC0-301F-11D3-BF4B-00C04F79EFBC}") = "for_loops", "for_loops\for_loops.csproj", "{6C5FB2DF-3F55-465F-8528-F46F6A74F5C6}"
EndProject
Project("{FAE04EC0-301F-11D3-BF4B-00C04F79EFBC}") = "do_while", "do_while\do_while.csproj", "{98ABAB24-9CA5-44E9-988B-A51687BEE897}"
EndProject
Project("{FAE04EC0-301F-11D3-BF4B-00C04F79EFBC}") = "guided_pets_app", "guided_pets_app\guided_pets_app.csproj", "{EC3E54E8-B25C-44E8-B988-077592D495E9}"
EndProject
Project("{FAE04EC0-301F-11D3-BF4B-00C04F79EFBC}") = "data_types", "data_types\data_types.csproj", "{CD5FDE1E-3F02-404A-929B-77436855F9EC}"
EndProject
Global
	GlobalSection(SolutionConfigurationPlatforms) = preSolution
		Debug|Any CPU = Debug|Any CPU
		Release|Any CPU = Release|Any CPU
	EndGlobalSection
	GlobalSection(SolutionProperties) = preSolution
		HideSolutionNode = FALSE
	EndGlobalSection
	GlobalSection(ProjectConfigurationPlatforms) = postSolution
		{857BCC6A-D888-4DBC-9BB9-668728A4767E}.Debug|Any CPU.ActiveCfg = Debug|Any CPU
		{857BCC6A-D888-4DBC-9BB9-668728A4767E}.Debug|Any CPU.Build.0 = Debug|Any CPU
		{857BCC6A-D888-4DBC-9BB9-668728A4767E}.Release|Any CPU.ActiveCfg = Release|Any CPU
		{857BCC6A-D888-4DBC-9BB9-668728A4767E}.Release|Any CPU.Build.0 = Release|Any CPU
		{87902EB8-538A-4E3B-9946-268BA1DEA7A3}.Debug|Any CPU.ActiveCfg = Debug|Any CPU
		{87902EB8-538A-4E3B-9946-268BA1DEA7A3}.Debug|Any CPU.Build.0 = Debug|Any CPU
		{87902EB8-538A-4E3B-9946-268BA1DEA7A3}.Release|Any CPU.ActiveCfg = Release|Any CPU
		{87902EB8-538A-4E3B-9946-268BA1DEA7A3}.Release|Any CPU.Build.0 = Release|Any CPU
		{4EBA9B5F-922F-4F19-8836-B83F21BC2EDB}.Debug|Any CPU.ActiveCfg = Debug|Any CPU
		{4EBA9B5F-922F-4F19-8836-B83F21BC2EDB}.Debug|Any CPU.Build.0 = Debug|Any CPU
		{4EBA9B5F-922F-4F19-8836-B83F21BC2EDB}.Release|Any CPU.ActiveCfg = Release|Any CPU
		{4EBA9B5F-922F-4F19-8836-B83F21BC2EDB}.Release|Any CPU.Build.0 = Release|Any CPU
		{92DCDD5F-F75F-48B2-B7C5-A5C7140C2604}.Debug|Any CPU.ActiveCfg = Debug|Any CPU
		{92DCDD5F-F75F-48B2-B7C5-A5C7140C2604}.Debug|Any CPU.Build.0 = Debug|Any CPU
		{92DCDD5F-F75F-48B2-B7C5-A5C7140C2604}.Release|Any CPU.ActiveCfg = Release|Any CPU
		{92DCDD5F-F75F-48B2-B7C5-A5C7140C2604}.Release|Any CPU.Build.0 = Release|Any CPU
		{326629F0-B3D8-4984-98B0-0EEC86D55A11}.Debug|Any CPU.ActiveCfg = Debug|Any CPU
		{326629F0-B3D8-4984-98B0-0EEC86D55A11}.Debug|Any CPU.Build.0 = Debug|Any CPU
		{326629F0-B3D8-4984-98B0-0EEC86D55A11}.Release|Any CPU.ActiveCfg = Release|Any CPU
		{326629F0-B3D8-4984-98B0-0EEC86D55A11}.Release|Any CPU.Build.0 = Release|Any CPU
		{32DAE10B-DDBF-4331-8AA5-E2CBF4C91ED0}.Debug|Any CPU.ActiveCfg = Debug|Any CPU
		{32DAE10B-DDBF-4331-8AA5-E2CBF4C91ED0}.Debug|Any CPU.Build.0 = Debug|Any CPU
		{32DAE10B-DDBF-4331-8AA5-E2CBF4C91ED0}.Release|Any CPU.ActiveCfg = Release|Any CPU
		{32DAE10B-DDBF-4331-8AA5-E2CBF4C91ED0}.Release|Any CPU.Build.0 = Release|Any CPU
		{73B4BEA0-4DDD-4D6D-8D27-FD5293219E08}.Debug|Any CPU.ActiveCfg = Debug|Any CPU
		{73B4BEA0-4DDD-4D6D-8D27-FD5293219E08}.Debug|Any CPU.Build.0 = Debug|Any CPU
		{73B4BEA0-4DDD-4D6D-8D27-FD5293219E08}.Release|Any CPU.ActiveCfg = Release|Any CPU
		{73B4BEA0-4DDD-4D6D-8D27-FD5293219E08}.Release|Any CPU.Build.0 = Release|Any CPU
		{977A1C98-3C1B-4DE6-9049-C0828C063045}.Debug|Any CPU.ActiveCfg = Debug|Any CPU
		{977A1C98-3C1B-4DE6-9049-C0828C063045}.Debug|Any CPU.Build.0 = Debug|Any CPU
		{977A1C98-3C1B-4DE6-9049-C0828C063045}.Release|Any CPU.ActiveCfg = Release|Any CPU
		{977A1C98-3C1B-4DE6-9049-C0828C063045}.Release|Any CPU.Build.0 = Release|Any CPU
		{6C5FB2DF-3F55-465F-8528-F46F6A74F5C6}.Debug|Any CPU.ActiveCfg = Debug|Any CPU
		{6C5FB2DF-3F55-465F-8528-F46F6A74F5C6}.Debug|Any CPU.Build.0 = Debug|Any CPU
		{6C5FB2DF-3F55-465F-8528-F46F6A74F5C6}.Release|Any CPU.ActiveCfg = Release|Any CPU
		{6C5FB2DF-3F55-465F-8528-F46F6A74F5C6}.Release|Any CPU.Build.0 = Release|Any CPU
		{98ABAB24-9CA5-44E9-988B-A51687BEE897}.Debug|Any CPU.ActiveCfg = Debug|Any CPU
		{98ABAB24-9CA5-44E9-988B-A51687BEE897}.Debug|Any CPU.Build.0 = Debug|Any CPU
		{98ABAB24-9CA5-44E9-988B-A51687BEE897}.Release|Any CPU.ActiveCfg = Release|Any CPU
		{98ABAB24-9CA5-44E9-988B-A51687BEE897}.Release|Any CPU.Build.0 = Release|Any CPU
		{EC3E54E8-B25C-44E8-B988-077592D495E9}.Debug|Any CPU.ActiveCfg = Debug|Any CPU
		{EC3E54E8-B25C-44E8-B988-077592D495E9}.Debug|Any CPU.Build.0 = Debug|Any CPU
		{EC3E54E8-B25C-44E8-B988-077592D495E9}.Release|Any CPU.ActiveCfg = Release|Any CPU
		{EC3E54E8-B25C-44E8-B988-077592D495E9}.Release|Any CPU.Build.0 = Release|Any CPU
		{0E9967F3-A90F-4996-AB2A-137F500F1FF3}.Debug|Any CPU.ActiveCfg = Debug|Any CPU
		{0E9967F3-A90F-4996-AB2A-137F500F1FF3}.Debug|Any CPU.Build.0 = Debug|Any CPU
		{0E9967F3-A90F-4996-AB2A-137F500F1FF3}.Release|Any CPU.ActiveCfg = Release|Any CPU
		{0E9967F3-A90F-4996-AB2A-137F500F1FF3}.Release|Any CPU.Build.0 = Release|Any CPU
		{CD5FDE1E-3F02-404A-929B-77436855F9EC}.Debug|Any CPU.ActiveCfg = Debug|Any CPU
		{CD5FDE1E-3F02-404A-929B-77436855F9EC}.Debug|Any CPU.Build.0 = Debug|Any CPU
		{CD5FDE1E-3F02-404A-929B-77436855F9EC}.Release|Any CPU.ActiveCfg = Release|Any CPU
		{CD5FDE1E-3F02-404A-929B-77436855F9EC}.Release|Any CPU.Build.0 = Release|Any CPU
	EndGlobalSection
EndGlobal
